{
  "version": 4,
  "terraform_version": "1.7.5",
  "serial": 84,
  "lineage": "d58ffb82-d70e-ae1f-a2aa-393a5614cedf",
  "outputs": {},
  "resources": [
    {
      "module": "module.iam",
      "mode": "data",
      "type": "aws_iam_policy_document",
      "name": "kinesis_execution_policy",
      "provider": "provider[\"registry.terraform.io/hashicorp/aws\"]",
      "instances": [
        {
          "schema_version": 0,
          "attributes": {
            "id": "414810265",
            "json": "{\n  \"Version\": \"2012-10-17\",\n  \"Statement\": [\n    {\n      \"Effect\": \"Allow\",\n      \"Action\": \"sts:AssumeRole\",\n      \"Principal\": {\n        \"Service\": \"firehose.amazonaws.com\"\n      }\n    }\n  ]\n}",
            "minified_json": "{\"Version\":\"2012-10-17\",\"Statement\":[{\"Effect\":\"Allow\",\"Action\":\"sts:AssumeRole\",\"Principal\":{\"Service\":\"firehose.amazonaws.com\"}}]}",
            "override_json": null,
            "override_policy_documents": null,
            "policy_id": null,
            "source_json": null,
            "source_policy_documents": null,
            "statement": [
              {
                "actions": [
                  "sts:AssumeRole"
                ],
                "condition": [],
                "effect": "Allow",
                "not_actions": [],
                "not_principals": [],
                "not_resources": [],
                "principals": [
                  {
                    "identifiers": [
                      "firehose.amazonaws.com"
                    ],
                    "type": "Service"
                  }
                ],
                "resources": [],
                "sid": ""
              }
            ],
            "version": "2012-10-17"
          },
          "sensitive_attributes": []
        }
      ]
    },
    {
      "module": "module.iam",
      "mode": "data",
      "type": "template_file",
      "name": "kinesis_s3",
      "provider": "provider[\"registry.terraform.io/hashicorp/template\"]",
      "instances": [
        {
          "schema_version": 0,
          "attributes": {
            "filename": null,
            "id": "0784bdf06bed97057df08793f5c5b040b44e0606b6720a2ad57e26528a12c0d0",
            "rendered": "{\r\n    \"Version\": \"2012-10-17\",\r\n    \"Statement\": [\r\n      {\r\n        \"Effect\": \"Allow\",\r\n        \"Action\": [\r\n          \"s3:AbortMultipartUpload\",\r\n          \"s3:GetBucketLocation\",\r\n          \"s3:GetObject\",\r\n          \"s3:ListBucket\",\r\n          \"s3:ListBucketMultipartUploads\",\r\n          \"s3:PutObject\"\r\n        ],\r\n        \"Resource\": [\r\n          \"arn:aws:s3:::bucket-kinesis-03409019\",\r\n          \"arn:aws:s3:::bucket-kinesis-03409019/*\"\r\n        ]\r\n      }\r\n    ]\r\n  }",
            "template": "{\r\n    \"Version\": \"2012-10-17\",\r\n    \"Statement\": [\r\n      {\r\n        \"Effect\": \"Allow\",\r\n        \"Action\": [\r\n          \"s3:AbortMultipartUpload\",\r\n          \"s3:GetBucketLocation\",\r\n          \"s3:GetObject\",\r\n          \"s3:ListBucket\",\r\n          \"s3:ListBucketMultipartUploads\",\r\n          \"s3:PutObject\"\r\n        ],\r\n        \"Resource\": [\r\n          \"${bucket_arn}\",\r\n          \"${bucket_arn}/*\"\r\n        ]\r\n      }\r\n    ]\r\n  }",
            "vars": {
              "bucket_arn": "arn:aws:s3:::bucket-kinesis-03409019"
            }
          },
          "sensitive_attributes": []
        }
      ]
    },
    {
      "module": "module.iam",
      "mode": "data",
      "type": "template_file",
      "name": "kinesis_stream",
      "provider": "provider[\"registry.terraform.io/hashicorp/template\"]",
      "instances": [
        {
          "schema_version": 0,
          "attributes": {
            "filename": null,
            "id": "3910e77a18d84c2fffa8ce7e53ac60e0bebe18fdffcb0487824e36664e517dd7",
            "rendered": "{\r\n    \"Version\": \"2012-10-17\",\r\n    \"Statement\": [\r\n        {\r\n        \"Action\": [\r\n            \"kinesis:DescribeStream\",\r\n            \"kinesis:GetShardIterator\",\r\n            \"kinesis:GetRecords\",\r\n            \"kinesis:ListShards\"\r\n        ],\r\n        \"Effect\": \"Allow\",\r\n        \"Resource\":  \"arn:aws:kinesis:ap-southeast-1:128007096314:stream/kinesis_stream\"\r\n        } \r\n    ]\r\n}",
            "template": "{\r\n    \"Version\": \"2012-10-17\",\r\n    \"Statement\": [\r\n        {\r\n        \"Action\": [\r\n            \"kinesis:DescribeStream\",\r\n            \"kinesis:GetShardIterator\",\r\n            \"kinesis:GetRecords\",\r\n            \"kinesis:ListShards\"\r\n        ],\r\n        \"Effect\": \"Allow\",\r\n        \"Resource\":  \"${kinesis_stream_arn}\"\r\n        } \r\n    ]\r\n}",
            "vars": {
              "kinesis_stream_arn": "arn:aws:kinesis:ap-southeast-1:128007096314:stream/kinesis_stream"
            }
          },
          "sensitive_attributes": []
        }
      ]
    },
    {
      "module": "module.iam",
      "mode": "managed",
      "type": "aws_iam_policy",
      "name": "firehose_s3_policy",
      "provider": "provider[\"registry.terraform.io/hashicorp/aws\"]",
      "instances": [
        {
          "schema_version": 0,
          "attributes": {
            "arn": "arn:aws:iam::128007096314:policy/firehose_s3_policy",
            "attachment_count": 0,
            "description": "Allows Firehose to write data to S3 bucket",
            "id": "arn:aws:iam::128007096314:policy/firehose_s3_policy",
            "name": "firehose_s3_policy",
            "name_prefix": "",
            "path": "/",
            "policy": "{\"Statement\":[{\"Action\":[\"s3:AbortMultipartUpload\",\"s3:GetBucketLocation\",\"s3:GetObject\",\"s3:ListBucket\",\"s3:ListBucketMultipartUploads\",\"s3:PutObject\"],\"Effect\":\"Allow\",\"Resource\":[\"arn:aws:s3:::bucket-kinesis-03409019\",\"arn:aws:s3:::bucket-kinesis-03409019/*\"]}],\"Version\":\"2012-10-17\"}",
            "policy_id": "ANPAR3TORI75GOVOMWHOF",
            "tags": null,
            "tags_all": {}
          },
          "sensitive_attributes": [],
          "private": "bnVsbA==",
          "dependencies": [
            "module.iam.data.template_file.kinesis_s3",
            "module.s3.aws_s3_bucket.s3_bucket",
            "module.s3.random_id.bucket_suffix"
          ]
        }
      ]
    },
    {
      "module": "module.iam",
      "mode": "managed",
      "type": "aws_iam_policy",
      "name": "kinesis_stream_policy",
      "provider": "provider[\"registry.terraform.io/hashicorp/aws\"]",
      "instances": [
        {
          "schema_version": 0,
          "attributes": {
            "arn": "arn:aws:iam::128007096314:policy/kinesis_stream_policy",
            "attachment_count": 0,
            "description": "Grants certain permissions related to Kinesis Stream operations",
            "id": "arn:aws:iam::128007096314:policy/kinesis_stream_policy",
            "name": "kinesis_stream_policy",
            "name_prefix": "",
            "path": "/",
            "policy": "{\"Statement\":[{\"Action\":[\"kinesis:DescribeStream\",\"kinesis:GetShardIterator\",\"kinesis:GetRecords\",\"kinesis:ListShards\"],\"Effect\":\"Allow\",\"Resource\":\"arn:aws:kinesis:ap-southeast-1:128007096314:stream/kinesis_stream\"}],\"Version\":\"2012-10-17\"}",
            "policy_id": "ANPAR3TORI75ABSYS6ZCY",
            "tags": null,
            "tags_all": {}
          },
          "sensitive_attributes": [],
          "private": "bnVsbA==",
          "dependencies": [
            "module.iam.data.template_file.kinesis_stream",
            "module.kinesis.aws_kinesis_stream.main"
          ]
        }
      ]
    },
    {
      "module": "module.iam",
      "mode": "managed",
      "type": "aws_iam_role",
      "name": "kinesis_execution_role",
      "provider": "provider[\"registry.terraform.io/hashicorp/aws\"]",
      "instances": [
        {
          "schema_version": 0,
          "attributes": {
            "arn": "arn:aws:iam::128007096314:role/kinesis_execution_role",
            "assume_role_policy": "{\"Statement\":[{\"Action\":\"sts:AssumeRole\",\"Effect\":\"Allow\",\"Principal\":{\"Service\":\"firehose.amazonaws.com\"}}],\"Version\":\"2012-10-17\"}",
            "create_date": "2024-09-04T14:46:53Z",
            "description": "",
            "force_detach_policies": false,
            "id": "kinesis_execution_role",
            "inline_policy": [],
            "managed_policy_arns": [],
            "max_session_duration": 3600,
            "name": "kinesis_execution_role",
            "name_prefix": "",
            "path": "/",
            "permissions_boundary": "",
            "tags": null,
            "tags_all": {},
            "unique_id": "AROAR3TORI75KHOAETXEG"
          },
          "sensitive_attributes": [],
          "private": "bnVsbA==",
          "dependencies": [
            "module.iam.data.aws_iam_policy_document.kinesis_execution_policy"
          ]
        }
      ]
    },
    {
      "module": "module.iam",
      "mode": "managed",
      "type": "aws_iam_role_policy_attachment",
      "name": "firehose_s3_policy_attachment",
      "provider": "provider[\"registry.terraform.io/hashicorp/aws\"]",
      "instances": [
        {
          "schema_version": 0,
          "attributes": {
            "id": "kinesis_execution_role-20240904144655807000000001",
            "policy_arn": "arn:aws:iam::128007096314:policy/firehose_s3_policy",
            "role": "kinesis_execution_role"
          },
          "sensitive_attributes": [],
          "private": "bnVsbA==",
          "dependencies": [
            "module.iam.aws_iam_policy.firehose_s3_policy",
            "module.iam.aws_iam_role.kinesis_execution_role",
            "module.iam.data.aws_iam_policy_document.kinesis_execution_policy",
            "module.iam.data.template_file.kinesis_s3",
            "module.s3.aws_s3_bucket.s3_bucket",
            "module.s3.random_id.bucket_suffix"
          ]
        }
      ]
    },
    {
      "module": "module.iam",
      "mode": "managed",
      "type": "aws_iam_role_policy_attachment",
      "name": "kiensis_stream_policy_attachment",
      "provider": "provider[\"registry.terraform.io/hashicorp/aws\"]",
      "instances": [
        {
          "schema_version": 0,
          "attributes": {
            "id": "kinesis_execution_role-20240904144724921700000002",
            "policy_arn": "arn:aws:iam::128007096314:policy/kinesis_stream_policy",
            "role": "kinesis_execution_role"
          },
          "sensitive_attributes": [],
          "private": "bnVsbA==",
          "dependencies": [
            "module.iam.aws_iam_policy.kinesis_stream_policy",
            "module.iam.aws_iam_role.kinesis_execution_role",
            "module.iam.data.aws_iam_policy_document.kinesis_execution_policy",
            "module.iam.data.template_file.kinesis_stream",
            "module.kinesis.aws_kinesis_stream.main"
          ]
        }
      ]
    },
    {
      "module": "module.kinesis",
      "mode": "managed",
      "type": "aws_kinesis_stream",
      "name": "main",
      "provider": "provider[\"registry.terraform.io/hashicorp/aws\"]",
      "instances": [
        {
          "schema_version": 1,
          "attributes": {
            "arn": "arn:aws:kinesis:ap-southeast-1:128007096314:stream/kinesis_stream",
            "encryption_type": "NONE",
            "enforce_consumer_deletion": false,
            "id": "arn:aws:kinesis:ap-southeast-1:128007096314:stream/kinesis_stream",
            "kms_key_id": "",
            "name": "kinesis_stream",
            "retention_period": 48,
            "shard_count": 1,
            "shard_level_metrics": [
              "IncomingBytes",
              "OutgoingBytes"
            ],
            "stream_mode_details": [
              {
                "stream_mode": "PROVISIONED"
              }
            ],
            "tags": null,
            "tags_all": {},
            "timeouts": null
          },
          "sensitive_attributes": [],
          "private": "eyJlMmJmYjczMC1lY2FhLTExZTYtOGY4OC0zNDM2M2JjN2M0YzAiOnsiY3JlYXRlIjozMDAwMDAwMDAwMDAsImRlbGV0ZSI6NzIwMDAwMDAwMDAwMCwidXBkYXRlIjo3MjAwMDAwMDAwMDAwfSwic2NoZW1hX3ZlcnNpb24iOiIxIn0="
        }
      ]
    },
    {
      "module": "module.s3",
      "mode": "data",
      "type": "template_file",
      "name": "bucket_policy",
      "provider": "provider[\"registry.terraform.io/hashicorp/template\"]",
      "instances": [
        {
          "schema_version": 0,
          "attributes": {
            "filename": null,
            "id": "e0c45c7ba38b76e621dfb598a5e0b74b30ca09684a3e0c7ad67d84298a313706",
            "rendered": "{\r\n    \"Version\": \"2012-10-17\",\r\n    \"Statement\": [\r\n      {\r\n        \"Effect\": \"Allow\",\r\n        \"Principal\": {\r\n            \"Service\": [\"kinesis.amazonaws.com\"]\r\n        },\r\n        \"Action\": [\r\n          \"s3:GetObject\",\r\n          \"s3:ListBucket\",\r\n          \"s3:PutObject\"\r\n        ],\r\n        \"Resource\": [\r\n          \"arn:aws:s3:::bucket-kinesis-03409019\",\r\n          \"arn:aws:s3:::bucket-kinesis-03409019/*\"\r\n        ]\r\n      }\r\n    ]\r\n  }",
            "template": "{\r\n    \"Version\": \"2012-10-17\",\r\n    \"Statement\": [\r\n      {\r\n        \"Effect\": \"Allow\",\r\n        \"Principal\": {\r\n            \"Service\": [\"${service}\"]\r\n        },\r\n        \"Action\": [\r\n          \"s3:GetObject\",\r\n          \"s3:ListBucket\",\r\n          \"s3:PutObject\"\r\n        ],\r\n        \"Resource\": [\r\n          \"${bucket_arn}\",\r\n          \"${bucket_arn}/*\"\r\n        ]\r\n      }\r\n    ]\r\n  }",
            "vars": {
              "bucket_arn": "arn:aws:s3:::bucket-kinesis-03409019",
              "service": "kinesis.amazonaws.com"
            }
          },
          "sensitive_attributes": []
        }
      ]
    },
    {
      "module": "module.s3",
      "mode": "managed",
      "type": "aws_s3_bucket",
      "name": "s3_bucket",
      "provider": "provider[\"registry.terraform.io/hashicorp/aws\"]",
      "instances": [
        {
          "schema_version": 0,
          "attributes": {
            "acceleration_status": "",
            "acl": null,
            "arn": "arn:aws:s3:::bucket-kinesis-03409019",
            "bucket": "bucket-kinesis-03409019",
            "bucket_domain_name": "bucket-kinesis-03409019.s3.amazonaws.com",
            "bucket_prefix": "",
            "bucket_regional_domain_name": "bucket-kinesis-03409019.s3.ap-southeast-1.amazonaws.com",
            "cors_rule": [],
            "force_destroy": true,
            "grant": [
              {
                "id": "2d035638115a6043e7ba8a547d72cde818938d94b80ee3241bd481a8f7638f0e",
                "permissions": [
                  "FULL_CONTROL"
                ],
                "type": "CanonicalUser",
                "uri": ""
              }
            ],
            "hosted_zone_id": "Z3O0J2DXBE1FTB",
            "id": "bucket-kinesis-03409019",
            "lifecycle_rule": [],
            "logging": [],
            "object_lock_configuration": [],
            "object_lock_enabled": false,
            "policy": "",
            "region": "ap-southeast-1",
            "replication_configuration": [],
            "request_payer": "BucketOwner",
            "server_side_encryption_configuration": [
              {
                "rule": [
                  {
                    "apply_server_side_encryption_by_default": [
                      {
                        "kms_master_key_id": "",
                        "sse_algorithm": "AES256"
                      }
                    ],
                    "bucket_key_enabled": false
                  }
                ]
              }
            ],
            "tags": null,
            "tags_all": {},
            "timeouts": null,
            "versioning": [
              {
                "enabled": false,
                "mfa_delete": false
              }
            ],
            "website": [],
            "website_domain": null,
            "website_endpoint": null
          },
          "sensitive_attributes": [],
          "private": "eyJlMmJmYjczMC1lY2FhLTExZTYtOGY4OC0zNDM2M2JjN2M0YzAiOnsiY3JlYXRlIjoxMjAwMDAwMDAwMDAwLCJkZWxldGUiOjM2MDAwMDAwMDAwMDAsInJlYWQiOjEyMDAwMDAwMDAwMDAsInVwZGF0ZSI6MTIwMDAwMDAwMDAwMH19",
          "dependencies": [
            "module.s3.random_id.bucket_suffix"
          ]
        }
      ]
    },
    {
      "module": "module.s3",
      "mode": "managed",
      "type": "aws_s3_bucket_acl",
      "name": "s3_bucket",
      "provider": "provider[\"registry.terraform.io/hashicorp/aws\"]",
      "instances": [
        {
          "schema_version": 0,
          "attributes": {
            "access_control_policy": [
              {
                "grant": [
                  {
                    "grantee": [
                      {
                        "display_name": "khanhdoan21.work",
                        "email_address": "",
                        "id": "2d035638115a6043e7ba8a547d72cde818938d94b80ee3241bd481a8f7638f0e",
                        "type": "CanonicalUser",
                        "uri": ""
                      }
                    ],
                    "permission": "FULL_CONTROL"
                  }
                ],
                "owner": [
                  {
                    "display_name": "khanhdoan21.work",
                    "id": "2d035638115a6043e7ba8a547d72cde818938d94b80ee3241bd481a8f7638f0e"
                  }
                ]
              }
            ],
            "acl": "private",
            "bucket": "bucket-kinesis-03409019",
            "expected_bucket_owner": "",
            "id": "bucket-kinesis-03409019,private"
          },
          "sensitive_attributes": [],
          "private": "bnVsbA==",
          "dependencies": [
            "module.s3.aws_s3_bucket.s3_bucket",
            "module.s3.aws_s3_bucket_ownership_controls.s3_bucket",
            "module.s3.random_id.bucket_suffix"
          ]
        }
      ]
    },
    {
      "module": "module.s3",
      "mode": "managed",
      "type": "aws_s3_bucket_ownership_controls",
      "name": "s3_bucket",
      "provider": "provider[\"registry.terraform.io/hashicorp/aws\"]",
      "instances": [
        {
          "schema_version": 0,
          "attributes": {
            "bucket": "bucket-kinesis-03409019",
            "id": "bucket-kinesis-03409019",
            "rule": [
              {
                "object_ownership": "BucketOwnerPreferred"
              }
            ]
          },
          "sensitive_attributes": [],
          "private": "bnVsbA==",
          "dependencies": [
            "module.s3.aws_s3_bucket.s3_bucket",
            "module.s3.random_id.bucket_suffix"
          ]
        }
      ]
    },
    {
      "module": "module.s3",
      "mode": "managed",
      "type": "aws_s3_bucket_policy",
      "name": "bucket_policy",
      "provider": "provider[\"registry.terraform.io/hashicorp/aws\"]",
      "instances": [
        {
          "schema_version": 0,
          "attributes": {
            "bucket": "bucket-kinesis-03409019",
            "id": "bucket-kinesis-03409019",
            "policy": "{\"Statement\":[{\"Action\":[\"s3:GetObject\",\"s3:ListBucket\",\"s3:PutObject\"],\"Effect\":\"Allow\",\"Principal\":{\"Service\":[\"kinesis.amazonaws.com\"]},\"Resource\":[\"arn:aws:s3:::bucket-kinesis-03409019\",\"arn:aws:s3:::bucket-kinesis-03409019/*\"]}],\"Version\":\"2012-10-17\"}"
          },
          "sensitive_attributes": [],
          "private": "bnVsbA==",
          "dependencies": [
            "module.s3.aws_s3_bucket.s3_bucket",
            "module.s3.data.template_file.bucket_policy",
            "module.s3.random_id.bucket_suffix"
          ]
        }
      ]
    },
    {
      "module": "module.s3",
      "mode": "managed",
      "type": "random_id",
      "name": "bucket_suffix",
      "provider": "provider[\"registry.terraform.io/hashicorp/random\"]",
      "instances": [
        {
          "schema_version": 0,
          "attributes": {
            "b64_std": "A0CQGQ==",
            "b64_url": "A0CQGQ",
            "byte_length": 4,
            "dec": "54562841",
            "hex": "03409019",
            "id": "A0CQGQ",
            "keepers": null,
            "prefix": null
          },
          "sensitive_attributes": []
        }
      ]
    }
  ],
  "check_results": null
}
